
Microsoft Visual Studio Solution File, Format Version 12.00
# Visual Studio Version 17
VisualStudioVersion = 17.3.32825.248
MinimumVisualStudioVersion = 10.0.40219.1
Project("{FAE04EC0-301F-11D3-BF4B-00C04F79EFBC}") = "GIP6ICT", "GIP6ICT\GIP6ICT.csproj", "{EDAE134E-F00C-4498-A3BD-64D14FC51351}"
EndProject
Global
	GlobalSection(SolutionConfigurationPlatforms) = preSolution
		Debug|Any CPU = Debug|Any CPU
		Release|Any CPU = Release|Any CPU
	EndGlobalSection
	GlobalSection(ProjectConfigurationPlatforms) = postSolution
		{EDAE134E-F00C-4498-A3BD-64D14FC51351}.Debug|Any CPU.ActiveCfg = Debug|Any CPU
		{EDAE134E-F00C-4498-A3BD-64D14FC51351}.Debug|Any CPU.Build.0 = Debug|Any CPU
		{EDAE134E-F00C-4498-A3BD-64D14FC51351}.Release|Any CPU.ActiveCfg = Release|Any CPU
		{EDAE134E-F00C-4498-A3BD-64D14FC51351}.Release|Any CPU.Build.0 = Release|Any CPU
	EndGlobalSection
	GlobalSection(SolutionProperties) = preSolution
		HideSolutionNode = FALSE
	EndGlobalSection
	GlobalSection(ExtensibilityGlobals) = postSolution
		SolutionGuid = {66F57594-0EE3-4273-BDFF-9AC5861DA771}
	EndGlobalSection
EndGlobal
